{
  "name": "mousejiggler",
  "version": "1.1.0",
  "lockfileVersion": 1,
  "requires": true,
  "dependencies": {
    "node_mouse": {
      "version": "0.0.1",
      "resolved": "https://registry.npmjs.org/node_mouse/-/node_mouse-0.0.1.tgz",
      "integrity": "sha1-5Scu0UW8LMdz6bdNjnH0sVwwEkk="
    }
  }
}
